
Microsoft Visual Studio Solution File, Format Version 11.00
# Visual Studio 2010
Project("{E24C65DC-7377-472B-9ABA-BC803B73C61A}") = "IFConsulting", "IFConsulting\", "{927673FB-EE2B-4A7D-AD93-3367D5CB535B}"
	ProjectSection(WebsiteProperties) = preProject
		TargetFrameworkMoniker = ".NETFramework,Version%3Dv4.0"
		ProjectReferences = "{1E386FD0-4F29-41A2-B83C-2AB16EFEADAC}|IFC.Common.dll;{CAA2C62C-7468-46F3-B36C-926A17C24CC3}|IFC.Business.dll;{A0D7EBEE-2A23-49B9-A536-EDBBAFDDE369}|IFC.Data.dll;"
		Debug.AspNetCompiler.VirtualPath = "/IFConsulting"
		Debug.AspNetCompiler.PhysicalPath = "IFConsulting\"
		Debug.AspNetCompiler.TargetPath = "PrecompiledWeb\IFConsulting\"
		Debug.AspNetCompiler.Updateable = "true"
		Debug.AspNetCompiler.ForceOverwrite = "true"
		Debug.AspNetCompiler.FixedNames = "false"
		Debug.AspNetCompiler.Debug = "True"
		Release.AspNetCompiler.VirtualPath = "/IFConsulting"
		Release.AspNetCompiler.PhysicalPath = "IFConsulting\"
		Release.AspNetCompiler.TargetPath = "PrecompiledWeb\IFConsulting\"
		Release.AspNetCompiler.Updateable = "true"
		Release.AspNetCompiler.ForceOverwrite = "true"
		Release.AspNetCompiler.FixedNames = "false"
		Release.AspNetCompiler.Debug = "False"
		VWDPort = "62878"
		VWDVirtualPath = "/"
	EndProjectSection
EndProject
Project("{FAE04EC0-301F-11D3-BF4B-00C04F79EFBC}") = "IFC.Common", "IFC.Common\IFC.Common.csproj", "{1E386FD0-4F29-41A2-B83C-2AB16EFEADAC}"
EndProject
Project("{FAE04EC0-301F-11D3-BF4B-00C04F79EFBC}") = "IFC.Data", "IFC.Data\IFC.Data.csproj", "{A0D7EBEE-2A23-49B9-A536-EDBBAFDDE369}"
EndProject
Project("{FAE04EC0-301F-11D3-BF4B-00C04F79EFBC}") = "IFC.Business", "IFC.Business\IFC.Business.csproj", "{CAA2C62C-7468-46F3-B36C-926A17C24CC3}"
EndProject
Global
	GlobalSection(SolutionConfigurationPlatforms) = preSolution
		Debug|Any CPU = Debug|Any CPU
		Release|Any CPU = Release|Any CPU
	EndGlobalSection
	GlobalSection(ProjectConfigurationPlatforms) = postSolution
		{927673FB-EE2B-4A7D-AD93-3367D5CB535B}.Debug|Any CPU.ActiveCfg = Debug|Any CPU
		{927673FB-EE2B-4A7D-AD93-3367D5CB535B}.Debug|Any CPU.Build.0 = Debug|Any CPU
		{927673FB-EE2B-4A7D-AD93-3367D5CB535B}.Release|Any CPU.ActiveCfg = Debug|Any CPU
		{927673FB-EE2B-4A7D-AD93-3367D5CB535B}.Release|Any CPU.Build.0 = Debug|Any CPU
		{1E386FD0-4F29-41A2-B83C-2AB16EFEADAC}.Debug|Any CPU.ActiveCfg = Debug|Any CPU
		{1E386FD0-4F29-41A2-B83C-2AB16EFEADAC}.Release|Any CPU.ActiveCfg = Release|Any CPU
		{1E386FD0-4F29-41A2-B83C-2AB16EFEADAC}.Release|Any CPU.Build.0 = Release|Any CPU
		{A0D7EBEE-2A23-49B9-A536-EDBBAFDDE369}.Debug|Any CPU.ActiveCfg = Debug|Any CPU
		{A0D7EBEE-2A23-49B9-A536-EDBBAFDDE369}.Debug|Any CPU.Build.0 = Debug|Any CPU
		{A0D7EBEE-2A23-49B9-A536-EDBBAFDDE369}.Release|Any CPU.ActiveCfg = Release|Any CPU
		{A0D7EBEE-2A23-49B9-A536-EDBBAFDDE369}.Release|Any CPU.Build.0 = Release|Any CPU
		{CAA2C62C-7468-46F3-B36C-926A17C24CC3}.Debug|Any CPU.ActiveCfg = Debug|Any CPU
		{CAA2C62C-7468-46F3-B36C-926A17C24CC3}.Debug|Any CPU.Build.0 = Debug|Any CPU
		{CAA2C62C-7468-46F3-B36C-926A17C24CC3}.Release|Any CPU.ActiveCfg = Release|Any CPU
		{CAA2C62C-7468-46F3-B36C-926A17C24CC3}.Release|Any CPU.Build.0 = Release|Any CPU
	EndGlobalSection
	GlobalSection(SolutionProperties) = preSolution
		HideSolutionNode = FALSE
	EndGlobalSection
EndGlobal
